{
  "requires": true,
  "lockfileVersion": 1,
  "dependencies": {
    "@alan-ai/alan-sdk-web": {
      "version": "1.8.27",
      "resolved": "https://registry.npmjs.org/@alan-ai/alan-sdk-web/-/alan-sdk-web-1.8.27.tgz",
      "integrity": "sha512-eF2UPjGgyj3BjnDBDvRCI2oly97N+n0sikJYcf7rCKmSZenML2c8eoWMX9+4fhbOS0bP+HoKVXXNRxXY5WH1bg=="
    }
  }
}
